// !$*UTF8*$!
{
	archiveVersion = 1;
	classes = {
	};
	objectVersion = 77;
	objects = {

/* Begin PBXBuildFile section */
		301000000000000000000001 /* EddysWalletApp.swift in Sources */ = {isa = PBXBuildFile; fileRef = 201000000000000000000001 /* EddysWalletApp.swift */; };
		301000000000000000000002 /* NativeDesignSystem.swift in Sources */ = {isa = PBXBuildFile; fileRef = 202000000000000000000001 /* NativeDesignSystem.swift */; };
		301000000000000000000003 /* WalletModels.swift in Sources */ = {isa = PBXBuildFile; fileRef = 203000000000000000000001 /* WalletModels.swift */; };
		301000000000000000000004 /* WalletStore.swift in Sources */ = {isa = PBXBuildFile; fileRef = 204000000000000000000001 /* WalletStore.swift */; };
		301000000000000000000005 /* DetailViews.swift in Sources */ = {isa = PBXBuildFile; fileRef = 205000000000000000000001 /* DetailViews.swift */; };
		301000000000000000000006 /* FlowViews.swift in Sources */ = {isa = PBXBuildFile; fileRef = 206000000000000000000001 /* FlowViews.swift */; };
		301000000000000000000009 /* WelcomeView.swift in Sources */ = {isa = PBXBuildFile; fileRef = 209000000000000000000001 /* WelcomeView.swift */; };
		301000000000000000000010 /* WalletAPI.swift in Sources */ = {isa = PBXBuildFile; fileRef = 204000000000000000000002 /* WalletAPI.swift */; };
		301000000000000000000011 /* AppleSignIn.swift in Sources */ = {isa = PBXBuildFile; fileRef = 204000000000000000000003 /* AppleSignIn.swift */; };
		301000000000000000000015 /* KidHomeView.swift in Sources */ = {isa = PBXBuildFile; fileRef = 20F000000000000000000002 /* KidHomeView.swift */; };
		301000000000000000000016 /* ParentAreaView.swift in Sources */ = {isa = PBXBuildFile; fileRef = 20F000000000000000000003 /* ParentAreaView.swift */; };
		301000000000000000000017 /* ParentGateView.swift in Sources */ = {isa = PBXBuildFile; fileRef = 20F000000000000000000004 /* ParentGateView.swift */; };
		301000000000000000000018 /* WalletComponents.swift in Sources */ = {isa = PBXBuildFile; fileRef = 20F000000000000000000005 /* WalletComponents.swift */; };
		3010000000000000000000A9 /* SheetForm.swift in Sources */ = {isa = PBXBuildFile; fileRef = 20F00000000000000000000B /* SheetForm.swift */; };
		301000000000000000000019 /* DebugScenarios.swift in Sources */ = {isa = PBXBuildFile; fileRef = 20F000000000000000000006 /* DebugScenarios.swift */; };
		30100000000000000000001A /* EddysWalletUITests.swift in Sources */ = {isa = PBXBuildFile; fileRef = 20F000000000000000000007 /* EddysWalletUITests.swift */; };
		30100000000000000000001B /* EvidenceCaptureUITests.swift in Sources */ = {isa = PBXBuildFile; fileRef = 20F000000000000000000008 /* EvidenceCaptureUITests.swift */; };
		301000000000000000000012 /* SetupView.swift in Sources */ = {isa = PBXBuildFile; fileRef = 20D000000000000000000001 /* SetupView.swift */; };
		301000000000000000000013 /* APIRepositoryTests.swift in Sources */ = {isa = PBXBuildFile; fileRef = 20E000000000000000000001 /* APIRepositoryTests.swift */; };
		30100000000000000000001C /* ReleaseMetadataTests.swift in Sources */ = {isa = PBXBuildFile; fileRef = 20F000000000000000000001 /* ReleaseMetadataTests.swift */; };
		301000000000000000000020 /* CloudModels.swift in Sources */ = {isa = PBXBuildFile; fileRef = 204000000000000000000004 /* CloudModels.swift */; };
		3010000000000000000000A1 /* CloudCoordinator.swift in Sources */ = {isa = PBXBuildFile; fileRef = 2090000000000000000000A1 /* CloudCoordinator.swift */; };
		3010000000000000000000A2 /* CloudWalletRepository.swift in Sources */ = {isa = PBXBuildFile; fileRef = 2090000000000000000000A2 /* CloudWalletRepository.swift */; };
		3010000000000000000000A3 /* CloudImportEncoding.swift in Sources */ = {isa = PBXBuildFile; fileRef = 2090000000000000000000A3 /* CloudImportEncoding.swift */; };
		3010000000000000000000A4 /* CloudReplicaMapping.swift in Sources */ = {isa = PBXBuildFile; fileRef = 2090000000000000000000A4 /* CloudReplicaMapping.swift */; };
		3010000000000000000000A5 /* CloudDiagnosticsView.swift in Sources */ = {isa = PBXBuildFile; fileRef = 2090000000000000000000A5 /* CloudDiagnosticsView.swift */; };
		3010000000000000000000A6 /* CloudRecoveryEvidence.swift in Sources */ = {isa = PBXBuildFile; fileRef = 2090000000000000000000A6 /* CloudRecoveryEvidence.swift */; };
		3010000000000000000000A7 /* CloudRecoveryEvidenceView.swift in Sources */ = {isa = PBXBuildFile; fileRef = 2090000000000000000000A7 /* CloudRecoveryEvidenceView.swift */; };
		3010000000000000000000A8 /* ExistingWalletView.swift in Sources */ = {isa = PBXBuildFile; fileRef = 2090000000000000000000A8 /* ExistingWalletView.swift */; };
		301000000000000000000021 /* CloudAPIClient.swift in Sources */ = {isa = PBXBuildFile; fileRef = 204000000000000000000005 /* CloudAPIClient.swift */; };
		301000000000000000000022 /* LocalWalletPersistence.swift in Sources */ = {isa = PBXBuildFile; fileRef = 207000000000000000000001 /* LocalWalletPersistence.swift */; };
		301000000000000000000023 /* LocalWalletRepository.swift in Sources */ = {isa = PBXBuildFile; fileRef = 207000000000000000000002 /* LocalWalletRepository.swift */; };
		301000000000000000000024 /* CloudSubscriptionStore.swift in Sources */ = {isa = PBXBuildFile; fileRef = 208000000000000000000001 /* CloudSubscriptionStore.swift */; };
		301000000000000000000025 /* CloudStatusView.swift in Sources */ = {isa = PBXBuildFile; fileRef = 20F000000000000000000009 /* CloudStatusView.swift */; };
		301000000000000000000026 /* WalletModel.xcdatamodeld in Sources */ = {isa = PBXBuildFile; fileRef = 207000000000000000000003 /* WalletModel.xcdatamodeld */; };
		301000000000000000000027 /* DeleteAccountView.swift in Sources */ = {isa = PBXBuildFile; fileRef = 20F00000000000000000000A /* DeleteAccountView.swift */; };
		301000000000000000000028 /* LocalWalletPersistenceTests.swift in Sources */ = {isa = PBXBuildFile; fileRef = 20E000000000000000000002 /* LocalWalletPersistenceTests.swift */; };
		301000000000000000000029 /* CloudStoreConfigurationTests.swift in Sources */ = {isa = PBXBuildFile; fileRef = 20E000000000000000000003 /* CloudStoreConfigurationTests.swift */; };
		30100000000000000000002A /* CloudContractTests.swift in Sources */ = {isa = PBXBuildFile; fileRef = 20E000000000000000000004 /* CloudContractTests.swift */; };
		30100000000000000000002B /* CloudVerticalSliceTests.swift in Sources */ = {isa = PBXBuildFile; fileRef = 20E000000000000000000005 /* CloudVerticalSliceTests.swift */; };
		30100000000000000000002C /* FirstRunExistingWalletTests.swift in Sources */ = {isa = PBXBuildFile; fileRef = 20E000000000000000000006 /* FirstRunExistingWalletTests.swift */; };
		30100000000000000000002D /* ChildHomeRefreshTests.swift in Sources */ = {isa = PBXBuildFile; fileRef = 20E000000000000000000007 /* ChildHomeRefreshTests.swift */; };
		30100000000000000000002E /* AccountDeletionTests.swift in Sources */ = {isa = PBXBuildFile; fileRef = 20E000000000000000000008 /* AccountDeletionTests.swift */; };
		30100000000000000000000A /* Assets.xcassets in Resources */ = {isa = PBXBuildFile; fileRef = 20A000000000000000000001 /* Assets.xcassets */; };
		3010000000000000000000F1 /* Fixtures in Resources */ = {isa = PBXBuildFile; fileRef = 20E0000000000000000000F1 /* Fixtures */; };
		30100000000000000000000B /* WalletTests.swift in Sources */ = {isa = PBXBuildFile; fileRef = 20B000000000000000000001 /* WalletTests.swift */; };
		3010000000000000000000AA /* TransportDiagnostic.swift in Sources */ = {isa = PBXBuildFile; fileRef = 2090000000000000000000AA /* TransportDiagnostic.swift */; };
		3010000000000000000000AB /* ConnectionDetailsView.swift in Sources */ = {isa = PBXBuildFile; fileRef = 2090000000000000000000AB /* ConnectionDetailsView.swift */; };
		3010000000000000000000AC /* ScheduledReminder.swift in Sources */ = {isa = PBXBuildFile; fileRef = 2090000000000000000000AC /* ScheduledReminder.swift */; };
		30100000000000000000002F /* TransportDiagnosticTests.swift in Sources */ = {isa = PBXBuildFile; fileRef = 20E000000000000000000009 /* TransportDiagnosticTests.swift */; };
		301000000000000000000030 /* DebugLaunchScenarioTests.swift in Sources */ = {isa = PBXBuildFile; fileRef = 20E00000000000000000000A /* DebugLaunchScenarioTests.swift */; };
		301000000000000000000031 /* ScheduledReminderTests.swift in Sources */ = {isa = PBXBuildFile; fileRef = 20E00000000000000000000B /* ScheduledReminderTests.swift */; };
/* End PBXBuildFile section */

/* Begin PBXFileReference section */
		201000000000000000000001 /* EddysWalletApp.swift */ = {isa = PBXFileReference; lastKnownFileType = sourcecode.swift; path = EddysWalletApp.swift; sourceTree = "<group>"; };
		202000000000000000000001 /* NativeDesignSystem.swift */ = {isa = PBXFileReference; lastKnownFileType = sourcecode.swift; path = NativeDesignSystem.swift; sourceTree = "<group>"; };
		203000000000000000000001 /* WalletModels.swift */ = {isa = PBXFileReference; lastKnownFileType = sourcecode.swift; path = WalletModels.swift; sourceTree = "<group>"; };
		204000000000000000000001 /* WalletStore.swift */ = {isa = PBXFileReference; lastKnownFileType = sourcecode.swift; path = WalletStore.swift; sourceTree = "<group>"; };
		205000000000000000000001 /* DetailViews.swift */ = {isa = PBXFileReference; lastKnownFileType = sourcecode.swift; path = DetailViews.swift; sourceTree = "<group>"; };
		206000000000000000000001 /* FlowViews.swift */ = {isa = PBXFileReference; lastKnownFileType = sourcecode.swift; path = FlowViews.swift; sourceTree = "<group>"; };
		209000000000000000000001 /* WelcomeView.swift */ = {isa = PBXFileReference; lastKnownFileType = sourcecode.swift; path = WelcomeView.swift; sourceTree = "<group>"; };
		20A000000000000000000001 /* Assets.xcassets */ = {isa = PBXFileReference; lastKnownFileType = folder.assetcatalog; path = Assets.xcassets; sourceTree = "<group>"; };
		20E0000000000000000000F1 /* Fixtures */ = {isa = PBXFileReference; lastKnownFileType = folder; path = Fixtures; sourceTree = "<group>"; };
		20B000000000000000000001 /* WalletTests.swift */ = {isa = PBXFileReference; lastKnownFileType = sourcecode.swift; path = WalletTests.swift; sourceTree = "<group>"; };
		20C000000000000000000001 /* EddysWallet.entitlements */ = {isa = PBXFileReference; lastKnownFileType = text.plist.entitlements; path = EddysWallet.entitlements; sourceTree = "<group>"; };
		20D000000000000000000001 /* SetupView.swift */ = {isa = PBXFileReference; lastKnownFileType = sourcecode.swift; path = SetupView.swift; sourceTree = "<group>"; };
		20E000000000000000000001 /* APIRepositoryTests.swift */ = {isa = PBXFileReference; lastKnownFileType = sourcecode.swift; path = APIRepositoryTests.swift; sourceTree = "<group>"; };
		20F000000000000000000001 /* ReleaseMetadataTests.swift */ = {isa = PBXFileReference; lastKnownFileType = sourcecode.swift; path = ReleaseMetadataTests.swift; sourceTree = "<group>"; };
		204000000000000000000002 /* WalletAPI.swift */ = {isa = PBXFileReference; lastKnownFileType = sourcecode.swift; path = WalletAPI.swift; sourceTree = "<group>"; };
		204000000000000000000003 /* AppleSignIn.swift */ = {isa = PBXFileReference; lastKnownFileType = sourcecode.swift; path = AppleSignIn.swift; sourceTree = "<group>"; };
		20F000000000000000000002 /* KidHomeView.swift */ = {isa = PBXFileReference; lastKnownFileType = sourcecode.swift; path = KidHomeView.swift; sourceTree = "<group>"; };
		20F000000000000000000003 /* ParentAreaView.swift */ = {isa = PBXFileReference; lastKnownFileType = sourcecode.swift; path = ParentAreaView.swift; sourceTree = "<group>"; };
		20F000000000000000000004 /* ParentGateView.swift */ = {isa = PBXFileReference; lastKnownFileType = sourcecode.swift; path = ParentGateView.swift; sourceTree = "<group>"; };
		20F000000000000000000005 /* WalletComponents.swift */ = {isa = PBXFileReference; lastKnownFileType = sourcecode.swift; path = WalletComponents.swift; sourceTree = "<group>"; };
		20F00000000000000000000B /* SheetForm.swift */ = {isa = PBXFileReference; lastKnownFileType = sourcecode.swift; path = SheetForm.swift; sourceTree = "<group>"; };
		20F000000000000000000006 /* DebugScenarios.swift */ = {isa = PBXFileReference; lastKnownFileType = sourcecode.swift; path = DebugScenarios.swift; sourceTree = "<group>"; };
		20F000000000000000000007 /* EddysWalletUITests.swift */ = {isa = PBXFileReference; lastKnownFileType = sourcecode.swift; path = EddysWalletUITests.swift; sourceTree = "<group>"; };
		20F000000000000000000008 /* EvidenceCaptureUITests.swift */ = {isa = PBXFileReference; lastKnownFileType = sourcecode.swift; path = EvidenceCaptureUITests.swift; sourceTree = "<group>"; };
		204000000000000000000004 /* CloudModels.swift */ = {isa = PBXFileReference; lastKnownFileType = sourcecode.swift; path = CloudModels.swift; sourceTree = "<group>"; };
		2090000000000000000000A1 /* CloudCoordinator.swift */ = {isa = PBXFileReference; lastKnownFileType = sourcecode.swift; path = CloudCoordinator.swift; sourceTree = "<group>"; };
		2090000000000000000000A2 /* CloudWalletRepository.swift */ = {isa = PBXFileReference; lastKnownFileType = sourcecode.swift; path = CloudWalletRepository.swift; sourceTree = "<group>"; };
		2090000000000000000000A3 /* CloudImportEncoding.swift */ = {isa = PBXFileReference; lastKnownFileType = sourcecode.swift; path = CloudImportEncoding.swift; sourceTree = "<group>"; };
		2090000000000000000000A4 /* CloudReplicaMapping.swift */ = {isa = PBXFileReference; lastKnownFileType = sourcecode.swift; path = CloudReplicaMapping.swift; sourceTree = "<group>"; };
		2090000000000000000000A5 /* CloudDiagnosticsView.swift */ = {isa = PBXFileReference; lastKnownFileType = sourcecode.swift; path = CloudDiagnosticsView.swift; sourceTree = "<group>"; };
		2090000000000000000000A6 /* CloudRecoveryEvidence.swift */ = {isa = PBXFileReference; lastKnownFileType = sourcecode.swift; path = CloudRecoveryEvidence.swift; sourceTree = "<group>"; };
		2090000000000000000000A7 /* CloudRecoveryEvidenceView.swift */ = {isa = PBXFileReference; lastKnownFileType = sourcecode.swift; path = CloudRecoveryEvidenceView.swift; sourceTree = "<group>"; };
		2090000000000000000000A8 /* ExistingWalletView.swift */ = {isa = PBXFileReference; lastKnownFileType = sourcecode.swift; path = ExistingWalletView.swift; sourceTree = "<group>"; };
		204000000000000000000005 /* CloudAPIClient.swift */ = {isa = PBXFileReference; lastKnownFileType = sourcecode.swift; path = CloudAPIClient.swift; sourceTree = "<group>"; };
		207000000000000000000001 /* LocalWalletPersistence.swift */ = {isa = PBXFileReference; lastKnownFileType = sourcecode.swift; path = LocalWalletPersistence.swift; sourceTree = "<group>"; };
		207000000000000000000002 /* LocalWalletRepository.swift */ = {isa = PBXFileReference; lastKnownFileType = sourcecode.swift; path = LocalWalletRepository.swift; sourceTree = "<group>"; };
		207000000000000000000003 /* WalletModel.xcdatamodeld */ = {isa = PBXFileReference; lastKnownFileType = wrapper.xcdatamodel; path = WalletModel.xcdatamodeld; sourceTree = "<group>"; };
		208000000000000000000001 /* CloudSubscriptionStore.swift */ = {isa = PBXFileReference; lastKnownFileType = sourcecode.swift; path = CloudSubscriptionStore.swift; sourceTree = "<group>"; };
		208000000000000000000002 /* EddysWallet.storekit */ = {isa = PBXFileReference; lastKnownFileType = text; path = ../Configuration/EddysWallet.storekit; sourceTree = "<group>"; };
		20F000000000000000000009 /* CloudStatusView.swift */ = {isa = PBXFileReference; lastKnownFileType = sourcecode.swift; path = CloudStatusView.swift; sourceTree = "<group>"; };
		20F00000000000000000000A /* DeleteAccountView.swift */ = {isa = PBXFileReference; lastKnownFileType = sourcecode.swift; path = DeleteAccountView.swift; sourceTree = "<group>"; };
		20E000000000000000000002 /* LocalWalletPersistenceTests.swift */ = {isa = PBXFileReference; lastKnownFileType = sourcecode.swift; path = LocalWalletPersistenceTests.swift; sourceTree = "<group>"; };
		20E000000000000000000003 /* CloudStoreConfigurationTests.swift */ = {isa = PBXFileReference; lastKnownFileType = sourcecode.swift; path = CloudStoreConfigurationTests.swift; sourceTree = "<group>"; };
		20E000000000000000000004 /* CloudContractTests.swift */ = {isa = PBXFileReference; lastKnownFileType = sourcecode.swift; path = CloudContractTests.swift; sourceTree = "<group>"; };
		20E000000000000000000005 /* CloudVerticalSliceTests.swift */ = {isa = PBXFileReference; lastKnownFileType = sourcecode.swift; path = CloudVerticalSliceTests.swift; sourceTree = "<group>"; };
		20E000000000000000000006 /* FirstRunExistingWalletTests.swift */ = {isa = PBXFileReference; lastKnownFileType = sourcecode.swift; path = FirstRunExistingWalletTests.swift; sourceTree = "<group>"; };
		20E000000000000000000007 /* ChildHomeRefreshTests.swift */ = {isa = PBXFileReference; lastKnownFileType = sourcecode.swift; path = ChildHomeRefreshTests.swift; sourceTree = "<group>"; };
		20E000000000000000000008 /* AccountDeletionTests.swift */ = {isa = PBXFileReference; lastKnownFileType = sourcecode.swift; path = AccountDeletionTests.swift; sourceTree = "<group>"; };
		212000000000000000000001 /* EddysWalletUITests.xctest */ = {isa = PBXFileReference; explicitFileType = wrapper.cfbundle; includeInIndex = 0; path = EddysWalletUITests.xctest; sourceTree = BUILT_PRODUCTS_DIR; };
		210000000000000000000001 /* EddysWallet.app */ = {isa = PBXFileReference; explicitFileType = wrapper.application; includeInIndex = 0; path = EddysWallet.app; sourceTree = BUILT_PRODUCTS_DIR; };
		211000000000000000000001 /* EddysWalletTests.xctest */ = {isa = PBXFileReference; explicitFileType = wrapper.cfbundle; includeInIndex = 0; path = EddysWalletTests.xctest; sourceTree = BUILT_PRODUCTS_DIR; };
		2090000000000000000000AA /* TransportDiagnostic.swift */ = {isa = PBXFileReference; lastKnownFileType = sourcecode.swift; path = TransportDiagnostic.swift; sourceTree = "<group>"; };
		2090000000000000000000AB /* ConnectionDetailsView.swift */ = {isa = PBXFileReference; lastKnownFileType = sourcecode.swift; path = ConnectionDetailsView.swift; sourceTree = "<group>"; };
		2090000000000000000000AC /* ScheduledReminder.swift */ = {isa = PBXFileReference; lastKnownFileType = sourcecode.swift; path = ScheduledReminder.swift; sourceTree = "<group>"; };
		20E000000000000000000009 /* TransportDiagnosticTests.swift */ = {isa = PBXFileReference; lastKnownFileType = sourcecode.swift; path = TransportDiagnosticTests.swift; sourceTree = "<group>"; };
		20E00000000000000000000A /* DebugLaunchScenarioTests.swift */ = {isa = PBXFileReference; lastKnownFileType = sourcecode.swift; path = DebugLaunchScenarioTests.swift; sourceTree = "<group>"; };
		20E00000000000000000000B /* ScheduledReminderTests.swift */ = {isa = PBXFileReference; lastKnownFileType = sourcecode.swift; path = ScheduledReminderTests.swift; sourceTree = "<group>"; };
/* End PBXFileReference section */

/* Begin PBXFrameworksBuildPhase section */
/* End PBXFrameworksBuildPhase section */

/* Begin PBXGroup section */
		112000000000000000000001 = {
			isa = PBXGroup;
			children = (
				118000000000000000000001 /* EddysWallet */,
				122000000000000000000001 /* EddysWalletTests */,
				123000000000000000000001 /* EddysWalletUITests */,
				113000000000000000000001 /* Products */,
			);
			sourceTree = "<group>";
		};
		113000000000000000000001 /* Products */ = {
			isa = PBXGroup;
			children = (
				210000000000000000000001 /* EddysWallet.app */,
				211000000000000000000001 /* EddysWalletTests.xctest */,
				212000000000000000000001 /* EddysWalletUITests.xctest */,
			);
			name = Products;
			sourceTree = "<group>";
		};
		118000000000000000000001 /* EddysWallet */ = {
			isa = PBXGroup;
			children = (
				201000000000000000000001 /* EddysWalletApp.swift */,
				20F000000000000000000006 /* DebugScenarios.swift */,
				20C000000000000000000001 /* EddysWallet.entitlements */,
				120000000000000000000001 /* DesignSystem */,
				119000000000000000000001 /* Models */,
				207000000000000000000010 /* Persistence */,
				208000000000000000000010 /* StoreKit */,
				121000000000000000000001 /* Views */,
				20A000000000000000000001 /* Assets.xcassets */,
			);
			path = EddysWallet;
			sourceTree = "<group>";
		};
		119000000000000000000001 /* Models */ = {
			isa = PBXGroup;
			children = (
				203000000000000000000001 /* WalletModels.swift */,
				204000000000000000000001 /* WalletStore.swift */,
				2090000000000000000000AC /* ScheduledReminder.swift */,
				204000000000000000000002 /* WalletAPI.swift */,
				204000000000000000000003 /* AppleSignIn.swift */,
				204000000000000000000004 /* CloudModels.swift */,
				2090000000000000000000A1 /* CloudCoordinator.swift */,
				2090000000000000000000A2 /* CloudWalletRepository.swift */,
				2090000000000000000000A3 /* CloudImportEncoding.swift */,
				2090000000000000000000A4 /* CloudReplicaMapping.swift */,
				204000000000000000000005 /* CloudAPIClient.swift */,
				2090000000000000000000A6 /* CloudRecoveryEvidence.swift */,
				2090000000000000000000AA /* TransportDiagnostic.swift */,
			);
			path = Models;
			sourceTree = "<group>";
		};
		207000000000000000000010 /* Persistence */ = {
			isa = PBXGroup;
			children = (
				207000000000000000000001 /* LocalWalletPersistence.swift */,
				207000000000000000000002 /* LocalWalletRepository.swift */,
				207000000000000000000003 /* WalletModel.xcdatamodeld */,
			);
			path = Persistence;
			sourceTree = "<group>";
		};
		208000000000000000000010 /* StoreKit */ = {
			isa = PBXGroup;
			children = (
				208000000000000000000001 /* CloudSubscriptionStore.swift */,
				208000000000000000000002 /* EddysWallet.storekit */,
			);
			path = StoreKit;
			sourceTree = "<group>";
		};
		120000000000000000000001 /* DesignSystem */ = {
			isa = PBXGroup;
			children = (
				202000000000000000000001 /* NativeDesignSystem.swift */,
			);
			path = DesignSystem;
			sourceTree = "<group>";
		};
		121000000000000000000001 /* Views */ = {
			isa = PBXGroup;
			children = (
				205000000000000000000001 /* DetailViews.swift */,
				206000000000000000000001 /* FlowViews.swift */,
				20D000000000000000000001 /* SetupView.swift */,
				2090000000000000000000A8 /* ExistingWalletView.swift */,
				20F000000000000000000002 /* KidHomeView.swift */,
				20F000000000000000000003 /* ParentAreaView.swift */,
				20F000000000000000000004 /* ParentGateView.swift */,
				20F000000000000000000005 /* WalletComponents.swift */,
				20F00000000000000000000B /* SheetForm.swift */,
				209000000000000000000001 /* WelcomeView.swift */,
				20F000000000000000000009 /* CloudStatusView.swift */,
				2090000000000000000000A5 /* CloudDiagnosticsView.swift */,
				2090000000000000000000A7 /* CloudRecoveryEvidenceView.swift */,
				20F00000000000000000000A /* DeleteAccountView.swift */,
				2090000000000000000000AB /* ConnectionDetailsView.swift */,
			);
			path = Views;
			sourceTree = "<group>";
		};
		122000000000000000000001 /* EddysWalletTests */ = {
			isa = PBXGroup;
			children = (
				20B000000000000000000001 /* WalletTests.swift */,
				20E000000000000000000001 /* APIRepositoryTests.swift */,
				20F000000000000000000001 /* ReleaseMetadataTests.swift */,
				20E000000000000000000002 /* LocalWalletPersistenceTests.swift */,
				20E000000000000000000003 /* CloudStoreConfigurationTests.swift */,
				20E000000000000000000004 /* CloudContractTests.swift */,
				20E000000000000000000005 /* CloudVerticalSliceTests.swift */,
				20E000000000000000000006 /* FirstRunExistingWalletTests.swift */,
				20E000000000000000000007 /* ChildHomeRefreshTests.swift */,
				20E000000000000000000008 /* AccountDeletionTests.swift */,
				20E000000000000000000009 /* TransportDiagnosticTests.swift */,
				20E00000000000000000000A /* DebugLaunchScenarioTests.swift */,
				20E00000000000000000000B /* ScheduledReminderTests.swift */,
				20E0000000000000000000F1 /* Fixtures */,
			);
			path = EddysWalletTests;
			sourceTree = "<group>";
		};
		123000000000000000000001 /* EddysWalletUITests */ = {
			isa = PBXGroup;
			children = (
				20F000000000000000000007 /* EddysWalletUITests.swift */,
				20F000000000000000000008 /* EvidenceCaptureUITests.swift */,
			);
			path = EddysWalletUITests;
			sourceTree = "<group>";
		};
/* End PBXGroup section */

/* Begin PBXNativeTarget section */
		114000000000000000000001 /* EddysWallet */ = {
			isa = PBXNativeTarget;
			buildConfigurationList = 400000000000000000000001 /* Build configuration list for PBXNativeTarget "EddysWallet" */;
			buildPhases = (
				310000000000000000000001 /* Sources */,
				311000000000000000000001 /* Frameworks */,
				312000000000000000000001 /* Resources */,
			);
			buildRules = ();
			dependencies = ();
			name = EddysWallet;
			productName = EddysWallet;
			productReference = 210000000000000000000001 /* EddysWallet.app */;
			productType = "com.apple.product-type.application";
		};
		115000000000000000000001 /* EddysWalletTests */ = {
			isa = PBXNativeTarget;
			buildConfigurationList = 401000000000000000000001 /* Build configuration list for PBXNativeTarget "EddysWalletTests" */;
			buildPhases = (
				313000000000000000000001 /* Sources */,
				314000000000000000000001 /* Frameworks */,
				315000000000000000000001 /* Resources */,
			);
			buildRules = ();
			dependencies = (
				316000000000000000000001 /* PBXTargetDependency */,
			);
			name = EddysWalletTests;
			productName = EddysWalletTests;
			productReference = 211000000000000000000001 /* EddysWalletTests.xctest */;
			productType = "com.apple.product-type.bundle.unit-test";
		};
		116000000000000000000001 /* EddysWalletUITests */ = {
			isa = PBXNativeTarget;
			buildConfigurationList = 403000000000000000000001 /* Build configuration list for PBXNativeTarget "EddysWalletUITests" */;
			buildPhases = (
				318000000000000000000001 /* Sources */,
				319000000000000000000001 /* Frameworks */,
				31A000000000000000000001 /* Resources */,
			);
			buildRules = ();
			dependencies = (
				31B000000000000000000001 /* PBXTargetDependency */,
			);
			name = EddysWalletUITests;
			productName = EddysWalletUITests;
			productReference = 212000000000000000000001 /* EddysWalletUITests.xctest */;
			productType = "com.apple.product-type.bundle.ui-testing";
		};
/* End PBXNativeTarget section */

/* Begin PBXProject section */
		111000000000000000000001 /* Project object */ = {
			isa = PBXProject;
			attributes = {
				BuildIndependentTargetsInParallel = 1;
				LastUpgradeCheck = 2640;
				TargetAttributes = {
					114000000000000000000001 = {
						CreatedOnToolsVersion = 26.4;
						SystemCapabilities = {
							com.apple.SignInWithApple = { enabled = 1; };
						};
					};
					115000000000000000000001 = { CreatedOnToolsVersion = 26.4; TestTargetID = 114000000000000000000001; };
					116000000000000000000001 = { CreatedOnToolsVersion = 26.4; TestTargetID = 114000000000000000000001; };
				};
			};
			buildConfigurationList = 402000000000000000000001 /* Build configuration list for PBXProject "EddysWallet" */;
			compatibilityVersion = "Xcode 16.0";
			developmentRegion = en;
			hasScannedForEncodings = 0;
			knownRegions = (
				en,
				Base,
			);
			mainGroup = 112000000000000000000001;
			productRefGroup = 113000000000000000000001 /* Products */;
			projectDirPath = "";
			projectRoot = "";
			targets = (
				114000000000000000000001 /* EddysWallet */,
				115000000000000000000001 /* EddysWalletTests */,
				116000000000000000000001 /* EddysWalletUITests */,
			);
		};
/* End PBXProject section */

/* Begin PBXResourcesBuildPhase section */
		312000000000000000000001 /* Resources */ = {
			isa = PBXResourcesBuildPhase;
			buildActionMask = 2147483647;
			files = (
				30100000000000000000000A /* Assets.xcassets in Resources */,
			);
			runOnlyForDeploymentPostprocessing = 0;
		};
		315000000000000000000001 /* Resources */ = {
			isa = PBXResourcesBuildPhase;
			buildActionMask = 2147483647;
			files = (
				3010000000000000000000F1 /* Fixtures in Resources */,
			);
			runOnlyForDeploymentPostprocessing = 0;
		};
		31A000000000000000000001 /* Resources */ = {
			isa = PBXResourcesBuildPhase;
			buildActionMask = 2147483647;
			files = ();
			runOnlyForDeploymentPostprocessing = 0;
		};
/* End PBXResourcesBuildPhase section */

/* Begin PBXSourcesBuildPhase section */
		310000000000000000000001 /* Sources */ = {
			isa = PBXSourcesBuildPhase;
			buildActionMask = 2147483647;
			files = (
				301000000000000000000001 /* EddysWalletApp.swift in Sources */,
				301000000000000000000002 /* NativeDesignSystem.swift in Sources */,
				301000000000000000000003 /* WalletModels.swift in Sources */,
				301000000000000000000004 /* WalletStore.swift in Sources */,
				3010000000000000000000AC /* ScheduledReminder.swift in Sources */,
				301000000000000000000005 /* DetailViews.swift in Sources */,
				301000000000000000000006 /* FlowViews.swift in Sources */,
				301000000000000000000009 /* WelcomeView.swift in Sources */,
				301000000000000000000010 /* WalletAPI.swift in Sources */,
				301000000000000000000011 /* AppleSignIn.swift in Sources */,
				301000000000000000000012 /* SetupView.swift in Sources */,
				301000000000000000000015 /* KidHomeView.swift in Sources */,
				301000000000000000000016 /* ParentAreaView.swift in Sources */,
				301000000000000000000017 /* ParentGateView.swift in Sources */,
				301000000000000000000018 /* WalletComponents.swift in Sources */,
				3010000000000000000000A9 /* SheetForm.swift in Sources */,
				301000000000000000000019 /* DebugScenarios.swift in Sources */,
				301000000000000000000020 /* CloudModels.swift in Sources */,
				3010000000000000000000A1 /* CloudCoordinator.swift in Sources */,
				3010000000000000000000A2 /* CloudWalletRepository.swift in Sources */,
				3010000000000000000000A3 /* CloudImportEncoding.swift in Sources */,
				3010000000000000000000A4 /* CloudReplicaMapping.swift in Sources */,
				3010000000000000000000A5 /* CloudDiagnosticsView.swift in Sources */,
				3010000000000000000000A6 /* CloudRecoveryEvidence.swift in Sources */,
				3010000000000000000000AA /* TransportDiagnostic.swift in Sources */,
				3010000000000000000000AB /* ConnectionDetailsView.swift in Sources */,
				3010000000000000000000A7 /* CloudRecoveryEvidenceView.swift in Sources */,
				3010000000000000000000A8 /* ExistingWalletView.swift in Sources */,
				301000000000000000000021 /* CloudAPIClient.swift in Sources */,
				301000000000000000000022 /* LocalWalletPersistence.swift in Sources */,
				301000000000000000000023 /* LocalWalletRepository.swift in Sources */,
				301000000000000000000024 /* CloudSubscriptionStore.swift in Sources */,
				301000000000000000000025 /* CloudStatusView.swift in Sources */,
				301000000000000000000026 /* WalletModel.xcdatamodeld in Sources */,
				301000000000000000000027 /* DeleteAccountView.swift in Sources */,
			);
			runOnlyForDeploymentPostprocessing = 0;
		};
		313000000000000000000001 /* Sources */ = {
			isa = PBXSourcesBuildPhase;
			buildActionMask = 2147483647;
			files = (
				30100000000000000000000B /* WalletTests.swift in Sources */,
				301000000000000000000013 /* APIRepositoryTests.swift in Sources */,
				30100000000000000000001C /* ReleaseMetadataTests.swift in Sources */,
				301000000000000000000028 /* LocalWalletPersistenceTests.swift in Sources */,
				301000000000000000000029 /* CloudStoreConfigurationTests.swift in Sources */,
				30100000000000000000002A /* CloudContractTests.swift in Sources */,
				30100000000000000000002B /* CloudVerticalSliceTests.swift in Sources */,
				30100000000000000000002C /* FirstRunExistingWalletTests.swift in Sources */,
				30100000000000000000002D /* ChildHomeRefreshTests.swift in Sources */,
				30100000000000000000002F /* TransportDiagnosticTests.swift in Sources */,
				301000000000000000000030 /* DebugLaunchScenarioTests.swift in Sources */,
				301000000000000000000031 /* ScheduledReminderTests.swift in Sources */,
				30100000000000000000002E /* AccountDeletionTests.swift in Sources */,
			);
			runOnlyForDeploymentPostprocessing = 0;
		};
		318000000000000000000001 /* Sources */ = {
			isa = PBXSourcesBuildPhase;
			buildActionMask = 2147483647;
			files = (
				30100000000000000000001A /* EddysWalletUITests.swift in Sources */,
				30100000000000000000001B /* EvidenceCaptureUITests.swift in Sources */,
			);
			runOnlyForDeploymentPostprocessing = 0;
		};
/* End PBXSourcesBuildPhase section */

/* Begin PBXFrameworksBuildPhase section */
		311000000000000000000001 /* Frameworks */ = { isa = PBXFrameworksBuildPhase; buildActionMask = 2147483647; files = (); runOnlyForDeploymentPostprocessing = 0; };
		314000000000000000000001 /* Frameworks */ = { isa = PBXFrameworksBuildPhase; buildActionMask = 2147483647; files = (); runOnlyForDeploymentPostprocessing = 0; };
		319000000000000000000001 /* Frameworks */ = { isa = PBXFrameworksBuildPhase; buildActionMask = 2147483647; files = (); runOnlyForDeploymentPostprocessing = 0; };
/* End PBXFrameworksBuildPhase section */

/* Begin PBXTargetDependency section */
		316000000000000000000001 /* PBXTargetDependency */ = { isa = PBXTargetDependency; target = 114000000000000000000001 /* EddysWallet */; targetProxy = 317000000000000000000001 /* PBXContainerItemProxy */; };
		31B000000000000000000001 /* PBXTargetDependency */ = { isa = PBXTargetDependency; target = 114000000000000000000001 /* EddysWallet */; targetProxy = 31C000000000000000000001 /* PBXContainerItemProxy */; };
/* End PBXTargetDependency section */

/* Begin PBXContainerItemProxy section */
		317000000000000000000001 /* PBXContainerItemProxy */ = { isa = PBXContainerItemProxy; containerPortal = 111000000000000000000001 /* Project object */; proxyType = 1; remoteGlobalIDString = 114000000000000000000001; remoteInfo = EddysWallet; };
		31C000000000000000000001 /* PBXContainerItemProxy */ = { isa = PBXContainerItemProxy; containerPortal = 111000000000000000000001 /* Project object */; proxyType = 1; remoteGlobalIDString = 114000000000000000000001; remoteInfo = EddysWallet; };
/* End PBXContainerItemProxy section */

/* Begin XCBuildConfiguration section */
		500000000000000000000001 /* Debug */ = {
			isa = XCBuildConfiguration;
			buildSettings = {
				ALWAYS_SEARCH_USER_PATHS = NO;
				CLANG_ENABLE_MODULES = YES;
				CLANG_ENABLE_OBJC_ARC = YES;
				INFOPLIST_KEY_UISupportedInterfaceOrientations = (UIInterfaceOrientationPortrait, UIInterfaceOrientationPortraitUpsideDown, UIInterfaceOrientationLandscapeLeft, UIInterfaceOrientationLandscapeRight);
				SWIFT_ACTIVE_COMPILATION_CONDITIONS = "DEBUG $(inherited)";
				SWIFT_OPTIMIZATION_LEVEL = "-Onone";
				SWIFT_VERSION = 5.0;
			};
			name = Debug;
		};
		500000000000000000000002 /* Release */ = {
			isa = XCBuildConfiguration;
			buildSettings = {
				ALWAYS_SEARCH_USER_PATHS = NO;
				CLANG_ENABLE_MODULES = YES;
				CLANG_ENABLE_OBJC_ARC = YES;
				INFOPLIST_KEY_UISupportedInterfaceOrientations = (UIInterfaceOrientationPortrait, UIInterfaceOrientationPortraitUpsideDown, UIInterfaceOrientationLandscapeLeft, UIInterfaceOrientationLandscapeRight);
				SWIFT_VERSION = 5.0;
			};
			name = Release;
		};
		501000000000000000000001 /* Debug */ = {
			isa = XCBuildConfiguration;
			buildSettings = {
				ASSETCATALOG_COMPILER_APPICON_NAME = AppIcon;
				ASSETCATALOG_COMPILER_GLOBAL_ACCENT_COLOR_NAME = AccentColor;
				CODE_SIGN_ENTITLEMENTS = EddysWallet/EddysWallet.entitlements;
				CODE_SIGN_STYLE = Automatic;
				CURRENT_PROJECT_VERSION = 1;
				ENABLE_TESTABILITY = YES;
				GENERATE_INFOPLIST_FILE = YES;
				INFOPLIST_KEY_CFBundleDisplayName = "Eddie's Wallet";
				INFOPLIST_KEY_ITSAppUsesNonExemptEncryption = NO;
				INFOPLIST_KEY_LSApplicationCategoryType = "public.app-category.education";
				INFOPLIST_KEY_UIApplicationSceneManifest_Generation = YES;
				INFOPLIST_KEY_UIApplicationSupportsIndirectInputEvents = YES;
				INFOPLIST_KEY_UILaunchScreen_Generation = YES;
				INFOPLIST_KEY_UIStatusBarStyle = UIStatusBarStyleDarkContent;
				IPHONEOS_DEPLOYMENT_TARGET = 17.0;
				SDKROOT = iphoneos;
				SUPPORTED_PLATFORMS = "iphoneos iphonesimulator";
				LD_RUNPATH_SEARCH_PATHS = ("$(inherited)", "@executable_path/Frameworks");
				MARKETING_VERSION = 0.1;
				PRODUCT_BUNDLE_IDENTIFIER = com.kunchenguid.eddieswallet;
				PRODUCT_NAME = "$(TARGET_NAME)";
				SWIFT_EMIT_LOC_STRINGS = YES;
				SWIFT_VERSION = 5.0;
				TARGETED_DEVICE_FAMILY = "1,2";
			};
			name = Debug;
		};
		501000000000000000000002 /* Release */ = {
			isa = XCBuildConfiguration;
			buildSettings = {
				ASSETCATALOG_COMPILER_APPICON_NAME = AppIcon;
				CODE_SIGN_ENTITLEMENTS = EddysWallet/EddysWallet.entitlements;
				CODE_SIGN_STYLE = Automatic;
				CURRENT_PROJECT_VERSION = 1;
				GENERATE_INFOPLIST_FILE = YES;
				INFOPLIST_KEY_CFBundleDisplayName = "Eddie's Wallet";
				INFOPLIST_KEY_ITSAppUsesNonExemptEncryption = NO;
				INFOPLIST_KEY_LSApplicationCategoryType = "public.app-category.education";
				INFOPLIST_KEY_UIApplicationSceneManifest_Generation = YES;
				INFOPLIST_KEY_UIApplicationSupportsIndirectInputEvents = YES;
				INFOPLIST_KEY_UILaunchScreen_Generation = YES;
				INFOPLIST_KEY_UIStatusBarStyle = UIStatusBarStyleDarkContent;
				IPHONEOS_DEPLOYMENT_TARGET = 17.0;
				SDKROOT = iphoneos;
				SUPPORTED_PLATFORMS = "iphoneos iphonesimulator";
				LD_RUNPATH_SEARCH_PATHS = ("$(inherited)", "@executable_path/Frameworks");
				MARKETING_VERSION = 0.1;
				PRODUCT_BUNDLE_IDENTIFIER = com.kunchenguid.eddieswallet;
				PRODUCT_NAME = "$(TARGET_NAME)";
				SWIFT_EMIT_LOC_STRINGS = YES;
				SWIFT_VERSION = 5.0;
				TARGETED_DEVICE_FAMILY = "1,2";
			};
			name = Release;
		};
		502000000000000000000001 /* Debug */ = {
			isa = XCBuildConfiguration;
			buildSettings = {
				BUNDLE_LOADER = "$(TEST_HOST)";
				CODE_SIGN_STYLE = Automatic;
				CURRENT_PROJECT_VERSION = 1;
				GENERATE_INFOPLIST_FILE = YES;
				IPHONEOS_DEPLOYMENT_TARGET = 17.0;
				PRODUCT_BUNDLE_IDENTIFIER = com.kunchenguid.eddieswallet.tests;
				PRODUCT_NAME = "$(TARGET_NAME)";
				SDKROOT = iphoneos;
				SWIFT_VERSION = 5.0;
				TARGETED_DEVICE_FAMILY = "1,2";
				TEST_HOST = "$(BUILT_PRODUCTS_DIR)/EddysWallet.app/EddysWallet";
			};
			name = Debug;
		};
		502000000000000000000002 /* Release */ = {
			isa = XCBuildConfiguration;
			buildSettings = {
				BUNDLE_LOADER = "$(TEST_HOST)";
				CODE_SIGN_STYLE = Automatic;
				CURRENT_PROJECT_VERSION = 1;
				GENERATE_INFOPLIST_FILE = YES;
				IPHONEOS_DEPLOYMENT_TARGET = 17.0;
				PRODUCT_BUNDLE_IDENTIFIER = com.kunchenguid.eddieswallet.tests;
				PRODUCT_NAME = "$(TARGET_NAME)";
				SDKROOT = iphoneos;
				SWIFT_VERSION = 5.0;
				TARGETED_DEVICE_FAMILY = "1,2";
				TEST_HOST = "$(BUILT_PRODUCTS_DIR)/EddysWallet.app/EddysWallet";
			};
			name = Release;
		};
		503000000000000000000001 /* Debug */ = {
			isa = XCBuildConfiguration;
			buildSettings = {
				CODE_SIGN_STYLE = Automatic;
				CURRENT_PROJECT_VERSION = 1;
				GENERATE_INFOPLIST_FILE = YES;
				IPHONEOS_DEPLOYMENT_TARGET = 17.0;
				PRODUCT_BUNDLE_IDENTIFIER = com.kunchenguid.eddieswallet.uitests;
				PRODUCT_NAME = "$(TARGET_NAME)";
				SDKROOT = iphoneos;
				SUPPORTED_PLATFORMS = "iphoneos iphonesimulator";
				SWIFT_VERSION = 5.0;
				TARGETED_DEVICE_FAMILY = "1,2";
				TEST_TARGET_NAME = EddysWallet;
			};
			name = Debug;
		};
		503000000000000000000002 /* Release */ = {
			isa = XCBuildConfiguration;
			buildSettings = {
				CODE_SIGN_STYLE = Automatic;
				CURRENT_PROJECT_VERSION = 1;
				GENERATE_INFOPLIST_FILE = YES;
				IPHONEOS_DEPLOYMENT_TARGET = 17.0;
				PRODUCT_BUNDLE_IDENTIFIER = com.kunchenguid.eddieswallet.uitests;
				PRODUCT_NAME = "$(TARGET_NAME)";
				SDKROOT = iphoneos;
				SUPPORTED_PLATFORMS = "iphoneos iphonesimulator";
				SWIFT_VERSION = 5.0;
				TARGETED_DEVICE_FAMILY = "1,2";
				TEST_TARGET_NAME = EddysWallet;
			};
			name = Release;
		};
/* End XCBuildConfiguration section */

/* Begin XCConfigurationList section */
		400000000000000000000001 /* Build configuration list for PBXNativeTarget "EddysWallet" */ = {
			isa = XCConfigurationList;
			buildConfigurations = (
				501000000000000000000001 /* Debug */,
				501000000000000000000002 /* Release */,
			);
			defaultConfigurationIsVisible = 0;
			defaultConfigurationName = Release;
		};
		401000000000000000000001 /* Build configuration list for PBXNativeTarget "EddysWalletTests" */ = {
			isa = XCConfigurationList;
			buildConfigurations = (
				502000000000000000000001 /* Debug */,
				502000000000000000000002 /* Release */,
			);
			defaultConfigurationIsVisible = 0;
			defaultConfigurationName = Release;
		};
		403000000000000000000001 /* Build configuration list for PBXNativeTarget "EddysWalletUITests" */ = {
			isa = XCConfigurationList;
			buildConfigurations = (
				503000000000000000000001 /* Debug */,
				503000000000000000000002 /* Release */,
			);
			defaultConfigurationIsVisible = 0;
			defaultConfigurationName = Release;
		};
		402000000000000000000001 /* Build configuration list for PBXProject "EddysWallet" */ = {
			isa = XCConfigurationList;
			buildConfigurations = (
				500000000000000000000001 /* Debug */,
				500000000000000000000002 /* Release */,
			);
			defaultConfigurationIsVisible = 0;
			defaultConfigurationName = Release;
		};
/* End XCConfigurationList section */
	};
	rootObject = 111000000000000000000001 /* Project object */;
}
